// !$*UTF8*$!
{
	archiveVersion = 1;
	classes = {
	};
	objectVersion = 46;
	objects = {

/* Begin PBXBuildFile section */
		B4B2DF821C4CC74F00AD26B1 /* main.m in Sources */ = {isa = PBXBuildFile; fileRef = B4B2DF811C4CC74F00AD26B1 /* main.m */; };
		B4B2DF851C4CC74F00AD26B1 /* AppDelegate.m in Sources */ = {isa = PBXBuildFile; fileRef = B4B2DF841C4CC74F00AD26B1 /* AppDelegate.m */; };
		B4B2DF881C4CC74F00AD26B1 /* ViewController.m in Sources */ = {isa = PBXBuildFile; fileRef = B4B2DF871C4CC74F00AD26B1 /* ViewController.m */; };
		B4B2DF8B1C4CC74F00AD26B1 /* Main.storyboard in Resources */ = {isa = PBXBuildFile; fileRef = B4B2DF891C4CC74F00AD26B1 /* Main.storyboard */; };
		B4B2DF8D1C4CC74F00AD26B1 /* Assets.xcassets in Resources */ = {isa = PBXBuildFile; fileRef = B4B2DF8C1C4CC74F00AD26B1 /* Assets.xcassets */; };
		B4B2DF901C4CC74F00AD26B1 /* LaunchScreen.storyboard in Resources */ = {isa = PBXBuildFile; fileRef = B4B2DF8E1C4CC74F00AD26B1 /* LaunchScreen.storyboard */; };
/* End PBXBuildFile section */

/* Begin PBXFileReference section */
		B4B2DF7D1C4CC74F00AD26B1 /* KKDemo.app */ = {isa = PBXFileReference; explicitFileType = wrapper.application; includeInIndex = 0; path = KKDemo.app; sourceTree = BUILT_PRODUCTS_DIR; };
		B4B2DF811C4CC74F00AD26B1 /* main.m */ = {isa = PBXFileReference; lastKnownFileType = sourcecode.c.objc; path = main.m; sourceTree = "<group>"; };
		B4B2DF831C4CC74F00AD26B1 /* AppDelegate.h */ = {isa = PBXFileReference; lastKnownFileType = sourcecode.c.h; path = AppDelegate.h; sourceTree = "<group>"; };
		B4B2DF841C4CC74F00AD26B1 /* AppDelegate.m */ = {isa = PBXFileReference; lastKnownFileType = sourcecode.c.objc; path = AppDelegate.m; sourceTree = "<group>"; };
		B4B2DF861C4CC74F00AD26B1 /* ViewController.h */ = {isa = PBXFileReference; lastKnownFileType = sourcecode.c.h; path = ViewController.h; sourceTree = "<group>"; };
		B4B2DF871C4CC74F00AD26B1 /* ViewController.m */ = {isa = PBXFileReference; lastKnownFileType = sourcecode.c.objc; path = ViewController.m; sourceTree = "<group>"; };
		B4B2DF8A1C4CC74F00AD26B1 /* Base */ = {isa = PBXFileReference; lastKnownFileType = file.storyboard; name = Base; path = Base.lproj/Main.storyboard; sourceTree = "<group>"; };
		B4B2DF8C1C4CC74F00AD26B1 /* Assets.xcassets */ = {isa = PBXFileReference; lastKnownFileType = folder.assetcatalog; path = Assets.xcassets; sourceTree = "<group>"; };
		B4B2DF8F1C4CC74F00AD26B1 /* Base */ = {isa = PBXFileReference; lastKnownFileType = file.storyboard; name = Base; path = Base.lproj/LaunchScreen.storyboard; sourceTree = "<group>"; };
		B4B2DF911C4CC74F00AD26B1 /* Info.plist */ = {isa = PBXFileReference; lastKnownFileType = text.plist.xml; path = Info.plist; sourceTree = "<group>"; };
/* End PBXFileReference section */

/* Begin PBXFrameworksBuildPhase section */
		B4B2DF7A1C4CC74F00AD26B1 /* Frameworks */ = {
			isa = PBXFrameworksBuildPhase;
			buildActionMask = 2147483647;
			files = (
			);
			runOnlyForDeploymentPostprocessing = 0;
		};
/* End PBXFrameworksBuildPhase section */

/* Begin PBXGroup section */
		B4B2DF741C4CC74F00AD26B1 = {
			isa = PBXGroup;
			children = (
				B4B2DF7F1C4CC74F00AD26B1 /* KKDemo */,
				B4B2DF7E1C4CC74F00AD26B1 /* Products */,
			);
			sourceTree = "<group>";
		};
		B4B2DF7E1C4CC74F00AD26B1 /* Products */ = {
			isa = PBXGroup;
			children = (
				B4B2DF7D1C4CC74F00AD26B1 /* KKDemo.app */,
			);
			name = Products;
			sourceTree = "<group>";
		};
		B4B2DF7F1C4CC74F00AD26B1 /* KKDemo */ = {
			isa = PBXGroup;
			children = (
				B4B2DF831C4CC74F00AD26B1 /* AppDelegate.h */,
				B4B2DF841C4CC74F00AD26B1 /* AppDelegate.m */,
				B4B2DF861C4CC74F00AD26B1 /* ViewController.h */,
				B4B2DF871C4CC74F00AD26B1 /* ViewController.m */,
				B4B2DF891C4CC74F00AD26B1 /* Main.storyboard */,
				B4B2DF8C1C4CC74F00AD26B1 /* Assets.xcassets */,
				B4B2DF8E1C4CC74F00AD26B1 /* LaunchScreen.storyboard */,
				B4B2DF911C4CC74F00AD26B1 /* Info.plist */,
				B4B2DF801C4CC74F00AD26B1 /* Supporting Files */,
			);
			path = KKDemo;
			sourceTree = "<group>";
		};
		B4B2DF801C4CC74F00AD26B1 /* Supporting Files */ = {
			isa = PBXGroup;
			children = (
				B4B2DF811C4CC74F00AD26B1 /* main.m */,
			);
			name = "Supporting Files";
			sourceTree = "<group>";
		};
/* End PBXGroup section */

/* Begin PBXNativeTarget section */
		B4B2DF7C1C4CC74F00AD26B1 /* KKDemo */ = {
			isa = PBXNativeTarget;
			buildConfigurationList = B4B2DF941C4CC74F00AD26B1 /* Build configuration list for PBXNativeTarget "KKDemo" */;
			buildPhases = (
				B4B2DF791C4CC74F00AD26B1 /* Sources */,
				B4B2DF7A1C4CC74F00AD26B1 /* Frameworks */,
				B4B2DF7B1C4CC74F00AD26B1 /* Resources */,
			);
			buildRules = (
			);
			dependencies = (
			);
			name = KKDemo;
			productName = KKDemo;
			productReference = B4B2DF7D1C4CC74F00AD26B1 /* KKDemo.app */;
			productType = "com.apple.product-type.application";
		};
/* End PBXNativeTarget section */

/* Begin PBXProject section */
		B4B2DF751C4CC74F00AD26B1 /* Project object */ = {
			isa = PBXProject;
			attributes = {
				LastUpgradeCheck = 0720;
				ORGANIZATIONNAME = KK;
				TargetAttributes = {
					B4B2DF7C1C4CC74F00AD26B1 = {
						CreatedOnToolsVersion = 7.2;
					};
				};
			};
			buildConfigurationList = B4B2DF781C4CC74F00AD26B1 /* Build configuration list for PBXProject "KKDemo" */;
			compatibilityVersion = "Xcode 3.2";
			developmentRegion = English;
			hasScannedForEncodings = 0;
			knownRegions = (
				en,
				Base,
			);
			mainGroup = B4B2DF741C4CC74F00AD26B1;
			productRefGroup = B4B2DF7E1C4CC74F00AD26B1 /* Products */;
			projectDirPath = "";
			projectRoot = "";
			targets = (
				B4B2DF7C1C4CC74F00AD26B1 /* KKDemo */,
			);
		};
/* End PBXProject section */

/* Begin PBXResourcesBuildPhase section */
		B4B2DF7B1C4CC74F00AD26B1 /* Resources */ = {
			isa = PBXResourcesBuildPhase;
			buildActionMask = 2147483647;
			files = (
				B4B2DF901C4CC74F00AD26B1 /* LaunchScreen.storyboard in Resources */,
				B4B2DF8D1C4CC74F00AD26B1 /* Assets.xcassets in Resources */,
				B4B2DF8B1C4CC74F00AD26B1 /* Main.storyboard in Resources */,
			);
			runOnlyForDeploymentPostprocessing = 0;
		};
/* End PBXResourcesBuildPhase section */

/* Begin PBXSourcesBuildPhase section */
		B4B2DF791C4CC74F00AD26B1 /* Sources */ = {
			isa = PBXSourcesBuildPhase;
			buildActionMask = 2147483647;
			files = (
				B4B2DF881C4CC74F00AD26B1 /* ViewController.m in Sources */,
				B4B2DF851C4CC74F00AD26B1 /* AppDelegate.m in Sources */,
				B4B2DF821C4CC74F00AD26B1 /* main.m in Sources */,
			);
			runOnlyForDeploymentPostprocessing = 0;
		};
/* End PBXSourcesBuildPhase section */

/* Begin PBXVariantGroup section */
		B4B2DF891C4CC74F00AD26B1 /* Main.storyboard */ = {
			isa = PBXVariantGroup;
			children = (
				B4B2DF8A1C4CC74F00AD26B1 /* Base */,
			);
			name = Main.storyboard;
			sourceTree = "<group>";
		};
		B4B2DF8E1C4CC74F00AD26B1 /* LaunchScreen.storyboard */ = {
			isa = PBXVariantGroup;
			children = (
				B4B2DF8F1C4CC74F00AD26B1 /* Base */,
			);
			name = LaunchScreen.storyboard;
			sourceTree = "<group>";
		};
/* End PBXVariantGroup section */

/* Begin XCBuildConfiguration section */
		B4B2DF921C4CC74F00AD26B1 /* Debug */ = {
			isa = XCBuildConfiguration;
			buildSettings = {
				ALWAYS_SEARCH_USER_PATHS = NO;
				CLANG_CXX_LANGUAGE_STANDARD = "gnu++0x";
				CLANG_CXX_LIBRARY = "libc++";
				CLANG_ENABLE_MODULES = YES;
				CLANG_ENABLE_OBJC_ARC = YES;
				CLANG_WARN_BOOL_CONVERSION = YES;
				CLANG_WARN_CONSTANT_CONVERSION = YES;
				CLANG_WARN_DIRECT_OBJC_ISA_USAGE = YES_ERROR;
				CLANG_WARN_EMPTY_BODY = YES;
				CLANG_WARN_ENUM_CONVERSION = YES;
				CLANG_WARN_INT_CONVERSION = YES;
				CLANG_WARN_OBJC_ROOT_CLASS = YES_ERROR;
				CLANG_WARN_UNREACHABLE_CODE = YES;
				CLANG_WARN__DUPLICATE_METHOD_MATCH = YES;
				"CODE_SIGN_IDENTITY[sdk=iphoneos*]" = "iPhone Developer";
				COPY_PHASE_STRIP = NO;
				DEBUG_INFORMATION_FORMAT = dwarf;
				ENABLE_STRICT_OBJC_MSGSEND = YES;
				ENABLE_TESTABILITY = YES;
				GCC_C_LANGUAGE_STANDARD = gnu99;
				GCC_DYNAMIC_NO_PIC = NO;
				GCC_NO_COMMON_BLOCKS = YES;
				GCC_OPTIMIZATION_LEVEL = 0;
				GCC_PREPROCESSOR_DEFINITIONS = (
					"DEBUG=1",
					"$(inherited)",
				);
				GCC_WARN_64_TO_32_BIT_CONVERSION = YES;
				GCC_WARN_ABOUT_RETURN_TYPE = YES_ERROR;
				GCC_WARN_UNDECLARED_SELECTOR = YES;
				GCC_WARN_UNINITIALIZED_AUTOS = YES_AGGRESSIVE;
				GCC_WARN_UNUSED_FUNCTION = YES;
				GCC_WARN_UNUSED_VARIABLE = YES;
				IPHONEOS_DEPLOYMENT_TARGET = 9.2;
				MTL_ENABLE_DEBUG_INFO = YES;
				ONLY_ACTIVE_ARCH = YES;
				SDKROOT = iphoneos;
			};
			name = Debug;
		};
		B4B2DF931C4CC74F00AD26B1 /* Release */ = {
			isa = XCBuildConfiguration;
			buildSettings = {
				ALWAYS_SEARCH_USER_PATHS = NO;
				CLANG_CXX_LANGUAGE_STANDARD = "gnu++0x";
				CLANG_CXX_LIBRARY = "libc++";
				CLANG_ENABLE_MODULES = YES;
				CLANG_ENABLE_OBJC_ARC = YES;
				CLANG_WARN_BOOL_CONVERSION = YES;
				CLANG_WARN_CONSTANT_CONVERSION = YES;
				CLANG_WARN_DIRECT_OBJC_ISA_USAGE = YES_ERROR;
				CLANG_WARN_EMPTY_BODY = YES;
				CLANG_WARN_ENUM_CONVERSION = YES;
				CLANG_WARN_INT_CONVERSION = YES;
				CLANG_WARN_OBJC_ROOT_CLASS = YES_ERROR;
				CLANG_WARN_UNREACHABLE_CODE = YES;
				CLANG_WARN__DUPLICATE_METHOD_MATCH = YES;
				"CODE_SIGN_IDENTITY[sdk=iphoneos*]" = "iPhone Developer";
				COPY_PHASE_STRIP = NO;
				DEBUG_INFORMATION_FORMAT = "dwarf-with-dsym";
				ENABLE_NS_ASSERTIONS = NO;
				ENABLE_STRICT_OBJC_MSGSEND = YES;
				GCC_C_LANGUAGE_STANDARD = gnu99;
				GCC_NO_COMMON_BLOCKS = YES;
				GCC_WARN_64_TO_32_BIT_CONVERSION = YES;
				GCC_WARN_ABOUT_RETURN_TYPE = YES_ERROR;
				GCC_WARN_UNDECLARED_SELECTOR = YES;
				GCC_WARN_UNINITIALIZED_AUTOS = YES_AGGRESSIVE;
				GCC_WARN_UNUSED_FUNCTION = YES;
				GCC_WARN_UNUSED_VARIABLE = YES;
				IPHONEOS_DEPLOYMENT_TARGET = 9.2;
				MTL_ENABLE_DEBUG_INFO = NO;
				SDKROOT = iphoneos;
				VALIDATE_PRODUCT = YES;
			};
			name = Release;
		};
		B4B2DF951C4CC74F00AD26B1 /* Debug */ = {
			isa = XCBuildConfiguration;
			buildSettings = {
				ASSETCATALOG_COMPILER_APPICON_NAME = AppIcon;
				INFOPLIST_FILE = KKDemo/Info.plist;
				LD_RUNPATH_SEARCH_PATHS = "$(inherited) @executable_path/Frameworks";
				PRODUCT_BUNDLE_IDENTIFIER = com.ac.KKDemo;
				PRODUCT_NAME = "$(TARGET_NAME)";
			};
			name = Debug;
		};
		B4B2DF961C4CC74F00AD26B1 /* Release */ = {
			isa = XCBuildConfiguration;
			buildSettings = {
				ASSETCATALOG_COMPILER_APPICON_NAME = AppIcon;
				INFOPLIST_FILE = KKDemo/Info.plist;
				LD_RUNPATH_SEARCH_PATHS = "$(inherited) @executable_path/Frameworks";
				PRODUCT_BUNDLE_IDENTIFIER = com.ac.KKDemo;
				PRODUCT_NAME = "$(TARGET_NAME)";
			};
			name = Release;
		};
/* End XCBuildConfiguration section */

/* Begin XCConfigurationList section */
		B4B2DF781C4CC74F00AD26B1 /* Build configuration list for PBXProject "KKDemo" */ = {
			isa = XCConfigurationList;
			buildConfigurations = (
				B4B2DF921C4CC74F00AD26B1 /* Debug */,
				B4B2DF931C4CC74F00AD26B1 /* Release */,
			);
			defaultConfigurationIsVisible = 0;
			defaultConfigurationName = Release;
		};
		B4B2DF941C4CC74F00AD26B1 /* Build configuration list for PBXNativeTarget "KKDemo" */ = {
			isa = XCConfigurationList;
			buildConfigurations = (
				B4B2DF951C4CC74F00AD26B1 /* Debug */,
				B4B2DF961C4CC74F00AD26B1 /* Release */,
			);
			defaultConfigurationIsVisible = 0;
		};
/* End XCConfigurationList section */
	};
	rootObject = B4B2DF751C4CC74F00AD26B1 /* Project object */;
}
